# THIS IS AN AUTOGENERATED FILE. DO NOT EDIT THIS FILE DIRECTLY.
# yarn lockfile v1


material-icons@^1.11.8:
  version "1.11.8"
  resolved "https://registry.yarnpkg.com/material-icons/-/material-icons-1.11.8.tgz#a462e06a0380150241bde783d37800fe873cd7c7"
  integrity sha512-PDvpRAtH7JTKJIuJgyry2MsfxxPfTj0RMBUNHkE+wzk+OBXuyltlAYqXZALtjHFqcOh7kNDe6guFLJ1r33VUbA==
